// !$*UTF8*$!
{
	archiveVersion = 1;
	classes = {
	};
	objectVersion = 56;
	objects = {

/* Begin PBXBuildFile section */
		2B381B722BDC93310043A5BA /* camera_sample002App.swift in Sources */ = {isa = PBXBuildFile; fileRef = 2B381B712BDC93310043A5BA /* camera_sample002App.swift */; };
		2B381B742BDC93310043A5BA /* ContentView.swift in Sources */ = {isa = PBXBuildFile; fileRef = 2B381B732BDC93310043A5BA /* ContentView.swift */; };
		2B381B762BDC93320043A5BA /* Assets.xcassets in Resources */ = {isa = PBXBuildFile; fileRef = 2B381B752BDC93320043A5BA /* Assets.xcassets */; };
		2B381B7A2BDC93320043A5BA /* Preview Assets.xcassets in Resources */ = {isa = PBXBuildFile; fileRef = 2B381B792BDC93320043A5BA /* Preview Assets.xcassets */; };
		2B381B842BDC93330043A5BA /* camera_sample002Tests.swift in Sources */ = {isa = PBXBuildFile; fileRef = 2B381B832BDC93330043A5BA /* camera_sample002Tests.swift */; };
		2B381B8E2BDC93330043A5BA /* camera_sample002UITests.swift in Sources */ = {isa = PBXBuildFile; fileRef = 2B381B8D2BDC93330043A5BA /* camera_sample002UITests.swift */; };
		2B381B902BDC93330043A5BA /* camera_sample002UITestsLaunchTests.swift in Sources */ = {isa = PBXBuildFile; fileRef = 2B381B8F2BDC93330043A5BA /* camera_sample002UITestsLaunchTests.swift */; };
		2B381B9D2BDC94E00043A5BA /* CameraViewModel.swift in Sources */ = {isa = PBXBuildFile; fileRef = 2B381B9C2BDC94E00043A5BA /* CameraViewModel.swift */; };
		2B381B9F2BDC94FC0043A5BA /* CameraView.swift in Sources */ = {isa = PBXBuildFile; fileRef = 2B381B9E2BDC94FC0043A5BA /* CameraView.swift */; };
/* End PBXBuildFile section */

/* Begin PBXContainerItemProxy section */
		2B381B802BDC93320043A5BA /* PBXContainerItemProxy */ = {
			isa = PBXContainerItemProxy;
			containerPortal = 2B381B662BDC93310043A5BA /* Project object */;
			proxyType = 1;
			remoteGlobalIDString = 2B381B6D2BDC93310043A5BA;
			remoteInfo = "camera-sample002";
		};
		2B381B8A2BDC93330043A5BA /* PBXContainerItemProxy */ = {
			isa = PBXContainerItemProxy;
			containerPortal = 2B381B662BDC93310043A5BA /* Project object */;
			proxyType = 1;
			remoteGlobalIDString = 2B381B6D2BDC93310043A5BA;
			remoteInfo = "camera-sample002";
		};
/* End PBXContainerItemProxy section */

/* Begin PBXFileReference section */
		2B381B6E2BDC93310043A5BA /* camera-sample002.app */ = {isa = PBXFileReference; explicitFileType = wrapper.application; includeInIndex = 0; path = "camera-sample002.app"; sourceTree = BUILT_PRODUCTS_DIR; };
		2B381B712BDC93310043A5BA /* camera_sample002App.swift */ = {isa = PBXFileReference; lastKnownFileType = sourcecode.swift; path = camera_sample002App.swift; sourceTree = "<group>"; };
		2B381B732BDC93310043A5BA /* ContentView.swift */ = {isa = PBXFileReference; lastKnownFileType = sourcecode.swift; path = ContentView.swift; sourceTree = "<group>"; };
		2B381B752BDC93320043A5BA /* Assets.xcassets */ = {isa = PBXFileReference; lastKnownFileType = folder.assetcatalog; path = Assets.xcassets; sourceTree = "<group>"; };
		2B381B772BDC93320043A5BA /* camera_sample002.entitlements */ = {isa = PBXFileReference; lastKnownFileType = text.plist.entitlements; path = camera_sample002.entitlements; sourceTree = "<group>"; };
		2B381B792BDC93320043A5BA /* Preview Assets.xcassets */ = {isa = PBXFileReference; lastKnownFileType = folder.assetcatalog; path = "Preview Assets.xcassets"; sourceTree = "<group>"; };
		2B381B7F2BDC93320043A5BA /* camera-sample002Tests.xctest */ = {isa = PBXFileReference; explicitFileType = wrapper.cfbundle; includeInIndex = 0; path = "camera-sample002Tests.xctest"; sourceTree = BUILT_PRODUCTS_DIR; };
		2B381B832BDC93330043A5BA /* camera_sample002Tests.swift */ = {isa = PBXFileReference; lastKnownFileType = sourcecode.swift; path = camera_sample002Tests.swift; sourceTree = "<group>"; };
		2B381B892BDC93330043A5BA /* camera-sample002UITests.xctest */ = {isa = PBXFileReference; explicitFileType = wrapper.cfbundle; includeInIndex = 0; path = "camera-sample002UITests.xctest"; sourceTree = BUILT_PRODUCTS_DIR; };
		2B381B8D2BDC93330043A5BA /* camera_sample002UITests.swift */ = {isa = PBXFileReference; lastKnownFileType = sourcecode.swift; path = camera_sample002UITests.swift; sourceTree = "<group>"; };
		2B381B8F2BDC93330043A5BA /* camera_sample002UITestsLaunchTests.swift */ = {isa = PBXFileReference; lastKnownFileType = sourcecode.swift; path = camera_sample002UITestsLaunchTests.swift; sourceTree = "<group>"; };
		2B381B9C2BDC94E00043A5BA /* CameraViewModel.swift */ = {isa = PBXFileReference; lastKnownFileType = sourcecode.swift; path = CameraViewModel.swift; sourceTree = "<group>"; };
		2B381B9E2BDC94FC0043A5BA /* CameraView.swift */ = {isa = PBXFileReference; lastKnownFileType = sourcecode.swift; path = CameraView.swift; sourceTree = "<group>"; };
/* End PBXFileReference section */

/* Begin PBXFrameworksBuildPhase section */
		2B381B6B2BDC93310043A5BA /* Frameworks */ = {
			isa = PBXFrameworksBuildPhase;
			buildActionMask = 2147483647;
			files = (
			);
			runOnlyForDeploymentPostprocessing = 0;
		};
		2B381B7C2BDC93320043A5BA /* Frameworks */ = {
			isa = PBXFrameworksBuildPhase;
			buildActionMask = 2147483647;
			files = (
			);
			runOnlyForDeploymentPostprocessing = 0;
		};
		2B381B862BDC93330043A5BA /* Frameworks */ = {
			isa = PBXFrameworksBuildPhase;
			buildActionMask = 2147483647;
			files = (
			);
			runOnlyForDeploymentPostprocessing = 0;
		};
/* End PBXFrameworksBuildPhase section */

/* Begin PBXGroup section */
		2B381B652BDC93310043A5BA = {
			isa = PBXGroup;
			children = (
				2B381B702BDC93310043A5BA /* camera-sample002 */,
				2B381B822BDC93320043A5BA /* camera-sample002Tests */,
				2B381B8C2BDC93330043A5BA /* camera-sample002UITests */,
				2B381B6F2BDC93310043A5BA /* Products */,
			);
			sourceTree = "<group>";
		};
		2B381B6F2BDC93310043A5BA /* Products */ = {
			isa = PBXGroup;
			children = (
				2B381B6E2BDC93310043A5BA /* camera-sample002.app */,
				2B381B7F2BDC93320043A5BA /* camera-sample002Tests.xctest */,
				2B381B892BDC93330043A5BA /* camera-sample002UITests.xctest */,
			);
			name = Products;
			sourceTree = "<group>";
		};
		2B381B702BDC93310043A5BA /* camera-sample002 */ = {
			isa = PBXGroup;
			children = (
				2B381B712BDC93310043A5BA /* camera_sample002App.swift */,
				2B381B732BDC93310043A5BA /* ContentView.swift */,
				2B381B752BDC93320043A5BA /* Assets.xcassets */,
				2B381B772BDC93320043A5BA /* camera_sample002.entitlements */,
				2B381B782BDC93320043A5BA /* Preview Content */,
				2B381B9C2BDC94E00043A5BA /* CameraViewModel.swift */,
				2B381B9E2BDC94FC0043A5BA /* CameraView.swift */,
			);
			path = "camera-sample002";
			sourceTree = "<group>";
		};
		2B381B782BDC93320043A5BA /* Preview Content */ = {
			isa = PBXGroup;
			children = (
				2B381B792BDC93320043A5BA /* Preview Assets.xcassets */,
			);
			path = "Preview Content";
			sourceTree = "<group>";
		};
		2B381B822BDC93320043A5BA /* camera-sample002Tests */ = {
			isa = PBXGroup;
			children = (
				2B381B832BDC93330043A5BA /* camera_sample002Tests.swift */,
			);
			path = "camera-sample002Tests";
			sourceTree = "<group>";
		};
		2B381B8C2BDC93330043A5BA /* camera-sample002UITests */ = {
			isa = PBXGroup;
			children = (
				2B381B8D2BDC93330043A5BA /* camera_sample002UITests.swift */,
				2B381B8F2BDC93330043A5BA /* camera_sample002UITestsLaunchTests.swift */,
			);
			path = "camera-sample002UITests";
			sourceTree = "<group>";
		};
/* End PBXGroup section */

/* Begin PBXNativeTarget section */
		2B381B6D2BDC93310043A5BA /* camera-sample002 */ = {
			isa = PBXNativeTarget;
			buildConfigurationList = 2B381B932BDC93330043A5BA /* Build configuration list for PBXNativeTarget "camera-sample002" */;
			buildPhases = (
				2B381B6A2BDC93310043A5BA /* Sources */,
				2B381B6B2BDC93310043A5BA /* Frameworks */,
				2B381B6C2BDC93310043A5BA /* Resources */,
			);
			buildRules = (
			);
			dependencies = (
			);
			name = "camera-sample002";
			productName = "camera-sample002";
			productReference = 2B381B6E2BDC93310043A5BA /* camera-sample002.app */;
			productType = "com.apple.product-type.application";
		};
		2B381B7E2BDC93320043A5BA /* camera-sample002Tests */ = {
			isa = PBXNativeTarget;
			buildConfigurationList = 2B381B962BDC93330043A5BA /* Build configuration list for PBXNativeTarget "camera-sample002Tests" */;
			buildPhases = (
				2B381B7B2BDC93320043A5BA /* Sources */,
				2B381B7C2BDC93320043A5BA /* Frameworks */,
				2B381B7D2BDC93320043A5BA /* Resources */,
			);
			buildRules = (
			);
			dependencies = (
				2B381B812BDC93320043A5BA /* PBXTargetDependency */,
			);
			name = "camera-sample002Tests";
			productName = "camera-sample002Tests";
			productReference = 2B381B7F2BDC93320043A5BA /* camera-sample002Tests.xctest */;
			productType = "com.apple.product-type.bundle.unit-test";
		};
		2B381B882BDC93330043A5BA /* camera-sample002UITests */ = {
			isa = PBXNativeTarget;
			buildConfigurationList = 2B381B992BDC93330043A5BA /* Build configuration list for PBXNativeTarget "camera-sample002UITests" */;
			buildPhases = (
				2B381B852BDC93330043A5BA /* Sources */,
				2B381B862BDC93330043A5BA /* Frameworks */,
				2B381B872BDC93330043A5BA /* Resources */,
			);
			buildRules = (
			);
			dependencies = (
				2B381B8B2BDC93330043A5BA /* PBXTargetDependency */,
			);
			name = "camera-sample002UITests";
			productName = "camera-sample002UITests";
			productReference = 2B381B892BDC93330043A5BA /* camera-sample002UITests.xctest */;
			productType = "com.apple.product-type.bundle.ui-testing";
		};
/* End PBXNativeTarget section */

/* Begin PBXProject section */
		2B381B662BDC93310043A5BA /* Project object */ = {
			isa = PBXProject;
			attributes = {
				BuildIndependentTargetsInParallel = 1;
				LastSwiftUpdateCheck = 1520;
				LastUpgradeCheck = 1520;
				TargetAttributes = {
					2B381B6D2BDC93310043A5BA = {
						CreatedOnToolsVersion = 15.2;
					};
					2B381B7E2BDC93320043A5BA = {
						CreatedOnToolsVersion = 15.2;
						TestTargetID = 2B381B6D2BDC93310043A5BA;
					};
					2B381B882BDC93330043A5BA = {
						CreatedOnToolsVersion = 15.2;
						TestTargetID = 2B381B6D2BDC93310043A5BA;
					};
				};
			};
			buildConfigurationList = 2B381B692BDC93310043A5BA /* Build configuration list for PBXProject "camera-sample002" */;
			compatibilityVersion = "Xcode 14.0";
			developmentRegion = en;
			hasScannedForEncodings = 0;
			knownRegions = (
				en,
				Base,
			);
			mainGroup = 2B381B652BDC93310043A5BA;
			productRefGroup = 2B381B6F2BDC93310043A5BA /* Products */;
			projectDirPath = "";
			projectRoot = "";
			targets = (
				2B381B6D2BDC93310043A5BA /* camera-sample002 */,
				2B381B7E2BDC93320043A5BA /* camera-sample002Tests */,
				2B381B882BDC93330043A5BA /* camera-sample002UITests */,
			);
		};
/* End PBXProject section */

/* Begin PBXResourcesBuildPhase section */
		2B381B6C2BDC93310043A5BA /* Resources */ = {
			isa = PBXResourcesBuildPhase;
			buildActionMask = 2147483647;
			files = (
				2B381B7A2BDC93320043A5BA /* Preview Assets.xcassets in Resources */,
				2B381B762BDC93320043A5BA /* Assets.xcassets in Resources */,
			);
			runOnlyForDeploymentPostprocessing = 0;
		};
		2B381B7D2BDC93320043A5BA /* Resources */ = {
			isa = PBXResourcesBuildPhase;
			buildActionMask = 2147483647;
			files = (
			);
			runOnlyForDeploymentPostprocessing = 0;
		};
		2B381B872BDC93330043A5BA /* Resources */ = {
			isa = PBXResourcesBuildPhase;
			buildActionMask = 2147483647;
			files = (
			);
			runOnlyForDeploymentPostprocessing = 0;
		};
/* End PBXResourcesBuildPhase section */

/* Begin PBXSourcesBuildPhase section */
		2B381B6A2BDC93310043A5BA /* Sources */ = {
			isa = PBXSourcesBuildPhase;
			buildActionMask = 2147483647;
			files = (
				2B381B742BDC93310043A5BA /* ContentView.swift in Sources */,
				2B381B722BDC93310043A5BA /* camera_sample002App.swift in Sources */,
				2B381B9D2BDC94E00043A5BA /* CameraViewModel.swift in Sources */,
				2B381B9F2BDC94FC0043A5BA /* CameraView.swift in Sources */,
			);
			runOnlyForDeploymentPostprocessing = 0;
		};
		2B381B7B2BDC93320043A5BA /* Sources */ = {
			isa = PBXSourcesBuildPhase;
			buildActionMask = 2147483647;
			files = (
				2B381B842BDC93330043A5BA /* camera_sample002Tests.swift in Sources */,
			);
			runOnlyForDeploymentPostprocessing = 0;
		};
		2B381B852BDC93330043A5BA /* Sources */ = {
			isa = PBXSourcesBuildPhase;
			buildActionMask = 2147483647;
			files = (
				2B381B902BDC93330043A5BA /* camera_sample002UITestsLaunchTests.swift in Sources */,
				2B381B8E2BDC93330043A5BA /* camera_sample002UITests.swift in Sources */,
			);
			runOnlyForDeploymentPostprocessing = 0;
		};
/* End PBXSourcesBuildPhase section */

/* Begin PBXTargetDependency section */
		2B381B812BDC93320043A5BA /* PBXTargetDependency */ = {
			isa = PBXTargetDependency;
			target = 2B381B6D2BDC93310043A5BA /* camera-sample002 */;
			targetProxy = 2B381B802BDC93320043A5BA /* PBXContainerItemProxy */;
		};
		2B381B8B2BDC93330043A5BA /* PBXTargetDependency */ = {
			isa = PBXTargetDependency;
			target = 2B381B6D2BDC93310043A5BA /* camera-sample002 */;
			targetProxy = 2B381B8A2BDC93330043A5BA /* PBXContainerItemProxy */;
		};
/* End PBXTargetDependency section */

/* Begin XCBuildConfiguration section */
		2B381B912BDC93330043A5BA /* Debug */ = {
			isa = XCBuildConfiguration;
			buildSettings = {
				ALWAYS_SEARCH_USER_PATHS = NO;
				ASSETCATALOG_COMPILER_GENERATE_SWIFT_ASSET_SYMBOL_EXTENSIONS = YES;
				CLANG_ANALYZER_NONNULL = YES;
				CLANG_ANALYZER_NUMBER_OBJECT_CONVERSION = YES_AGGRESSIVE;
				CLANG_CXX_LANGUAGE_STANDARD = "gnu++20";
				CLANG_ENABLE_MODULES = YES;
				CLANG_ENABLE_OBJC_ARC = YES;
				CLANG_ENABLE_OBJC_WEAK = YES;
				CLANG_WARN_BLOCK_CAPTURE_AUTORELEASING = YES;
				CLANG_WARN_BOOL_CONVERSION = YES;
				CLANG_WARN_COMMA = YES;
				CLANG_WARN_CONSTANT_CONVERSION = YES;
				CLANG_WARN_DEPRECATED_OBJC_IMPLEMENTATIONS = YES;
				CLANG_WARN_DIRECT_OBJC_ISA_USAGE = YES_ERROR;
				CLANG_WARN_DOCUMENTATION_COMMENTS = YES;
				CLANG_WARN_EMPTY_BODY = YES;
				CLANG_WARN_ENUM_CONVERSION = YES;
				CLANG_WARN_INFINITE_RECURSION = YES;
				CLANG_WARN_INT_CONVERSION = YES;
				CLANG_WARN_NON_LITERAL_NULL_CONVERSION = YES;
				CLANG_WARN_OBJC_IMPLICIT_RETAIN_SELF = YES;
				CLANG_WARN_OBJC_LITERAL_CONVERSION = YES;
				CLANG_WARN_OBJC_ROOT_CLASS = YES_ERROR;
				CLANG_WARN_QUOTED_INCLUDE_IN_FRAMEWORK_HEADER = YES;
				CLANG_WARN_RANGE_LOOP_ANALYSIS = YES;
				CLANG_WARN_STRICT_PROTOTYPES = YES;
				CLANG_WARN_SUSPICIOUS_MOVE = YES;
				CLANG_WARN_UNGUARDED_AVAILABILITY = YES_AGGRESSIVE;
				CLANG_WARN_UNREACHABLE_CODE = YES;
				CLANG_WARN__DUPLICATE_METHOD_MATCH = YES;
				COPY_PHASE_STRIP = NO;
				DEBUG_INFORMATION_FORMAT = dwarf;
				ENABLE_STRICT_OBJC_MSGSEND = YES;
				ENABLE_TESTABILITY = YES;
				ENABLE_USER_SCRIPT_SANDBOXING = YES;
				GCC_C_LANGUAGE_STANDARD = gnu17;
				GCC_DYNAMIC_NO_PIC = NO;
				GCC_NO_COMMON_BLOCKS = YES;
				GCC_OPTIMIZATION_LEVEL = 0;
				GCC_PREPROCESSOR_DEFINITIONS = (
					"DEBUG=1",
					"$(inherited)",
				);
				GCC_WARN_64_TO_32_BIT_CONVERSION = YES;
				GCC_WARN_ABOUT_RETURN_TYPE = YES_ERROR;
				GCC_WARN_UNDECLARED_SELECTOR = YES;
				GCC_WARN_UNINITIALIZED_AUTOS = YES_AGGRESSIVE;
				GCC_WARN_UNUSED_FUNCTION = YES;
				GCC_WARN_UNUSED_VARIABLE = YES;
				LOCALIZATION_PREFERS_STRING_CATALOGS = YES;
				MTL_ENABLE_DEBUG_INFO = INCLUDE_SOURCE;
				MTL_FAST_MATH = YES;
				ONLY_ACTIVE_ARCH = YES;
				SWIFT_ACTIVE_COMPILATION_CONDITIONS = "DEBUG $(inherited)";
				SWIFT_OPTIMIZATION_LEVEL = "-Onone";
			};
			name = Debug;
		};
		2B381B922BDC93330043A5BA /* Release */ = {
			isa = XCBuildConfiguration;
			buildSettings = {
				ALWAYS_SEARCH_USER_PATHS = NO;
				ASSETCATALOG_COMPILER_GENERATE_SWIFT_ASSET_SYMBOL_EXTENSIONS = YES;
				CLANG_ANALYZER_NONNULL = YES;
				CLANG_ANALYZER_NUMBER_OBJECT_CONVERSION = YES_AGGRESSIVE;
				CLANG_CXX_LANGUAGE_STANDARD = "gnu++20";
				CLANG_ENABLE_MODULES = YES;
				CLANG_ENABLE_OBJC_ARC = YES;
				CLANG_ENABLE_OBJC_WEAK = YES;
				CLANG_WARN_BLOCK_CAPTURE_AUTORELEASING = YES;
				CLANG_WARN_BOOL_CONVERSION = YES;
				CLANG_WARN_COMMA = YES;
				CLANG_WARN_CONSTANT_CONVERSION = YES;
				CLANG_WARN_DEPRECATED_OBJC_IMPLEMENTATIONS = YES;
				CLANG_WARN_DIRECT_OBJC_ISA_USAGE = YES_ERROR;
				CLANG_WARN_DOCUMENTATION_COMMENTS = YES;
				CLANG_WARN_EMPTY_BODY = YES;
				CLANG_WARN_ENUM_CONVERSION = YES;
				CLANG_WARN_INFINITE_RECURSION = YES;
				CLANG_WARN_INT_CONVERSION = YES;
				CLANG_WARN_NON_LITERAL_NULL_CONVERSION = YES;
				CLANG_WARN_OBJC_IMPLICIT_RETAIN_SELF = YES;
				CLANG_WARN_OBJC_LITERAL_CONVERSION = YES;
				CLANG_WARN_OBJC_ROOT_CLASS = YES_ERROR;
				CLANG_WARN_QUOTED_INCLUDE_IN_FRAMEWORK_HEADER = YES;
				CLANG_WARN_RANGE_LOOP_ANALYSIS = YES;
				CLANG_WARN_STRICT_PROTOTYPES = YES;
				CLANG_WARN_SUSPICIOUS_MOVE = YES;
				CLANG_WARN_UNGUARDED_AVAILABILITY = YES_AGGRESSIVE;
				CLANG_WARN_UNREACHABLE_CODE = YES;
				CLANG_WARN__DUPLICATE_METHOD_MATCH = YES;
				COPY_PHASE_STRIP = NO;
				DEBUG_INFORMATION_FORMAT = "dwarf-with-dsym";
				ENABLE_NS_ASSERTIONS = NO;
				ENABLE_STRICT_OBJC_MSGSEND = YES;
				ENABLE_USER_SCRIPT_SANDBOXING = YES;
				GCC_C_LANGUAGE_STANDARD = gnu17;
				GCC_NO_COMMON_BLOCKS = YES;
				GCC_WARN_64_TO_32_BIT_CONVERSION = YES;
				GCC_WARN_ABOUT_RETURN_TYPE = YES_ERROR;
				GCC_WARN_UNDECLARED_SELECTOR = YES;
				GCC_WARN_UNINITIALIZED_AUTOS = YES_AGGRESSIVE;
				GCC_WARN_UNUSED_FUNCTION = YES;
				GCC_WARN_UNUSED_VARIABLE = YES;
				LOCALIZATION_PREFERS_STRING_CATALOGS = YES;
				MTL_ENABLE_DEBUG_INFO = NO;
				MTL_FAST_MATH = YES;
				SWIFT_COMPILATION_MODE = wholemodule;
			};
			name = Release;
		};
		2B381B942BDC93330043A5BA /* Debug */ = {
			isa = XCBuildConfiguration;
			buildSettings = {
				ASSETCATALOG_COMPILER_APPICON_NAME = AppIcon;
				ASSETCATALOG_COMPILER_GLOBAL_ACCENT_COLOR_NAME = AccentColor;
				CODE_SIGN_ENTITLEMENTS = "camera-sample002/camera_sample002.entitlements";
				CODE_SIGN_STYLE = Automatic;
				CURRENT_PROJECT_VERSION = 1;
				DEVELOPMENT_ASSET_PATHS = "\"camera-sample002/Preview Content\"";
				DEVELOPMENT_TEAM = YFN98X4RV7;
				ENABLE_HARDENED_RUNTIME = YES;
				ENABLE_PREVIEWS = YES;
				GENERATE_INFOPLIST_FILE = YES;
				INFOPLIST_KEY_NSCameraUsageDescription = "サンプルカメラです。";
				"INFOPLIST_KEY_UIApplicationSceneManifest_Generation[sdk=iphoneos*]" = YES;
				"INFOPLIST_KEY_UIApplicationSceneManifest_Generation[sdk=iphonesimulator*]" = YES;
				"INFOPLIST_KEY_UIApplicationSupportsIndirectInputEvents[sdk=iphoneos*]" = YES;
				"INFOPLIST_KEY_UIApplicationSupportsIndirectInputEvents[sdk=iphonesimulator*]" = YES;
				"INFOPLIST_KEY_UILaunchScreen_Generation[sdk=iphoneos*]" = YES;
				"INFOPLIST_KEY_UILaunchScreen_Generation[sdk=iphonesimulator*]" = YES;
				"INFOPLIST_KEY_UIStatusBarStyle[sdk=iphoneos*]" = UIStatusBarStyleDefault;
				"INFOPLIST_KEY_UIStatusBarStyle[sdk=iphonesimulator*]" = UIStatusBarStyleDefault;
				INFOPLIST_KEY_UISupportedInterfaceOrientations_iPad = "UIInterfaceOrientationPortrait UIInterfaceOrientationPortraitUpsideDown UIInterfaceOrientationLandscapeLeft UIInterfaceOrientationLandscapeRight";
				INFOPLIST_KEY_UISupportedInterfaceOrientations_iPhone = "UIInterfaceOrientationPortrait UIInterfaceOrientationLandscapeLeft UIInterfaceOrientationLandscapeRight";
				IPHONEOS_DEPLOYMENT_TARGET = 16.5;
				LD_RUNPATH_SEARCH_PATHS = "@executable_path/Frameworks";
				"LD_RUNPATH_SEARCH_PATHS[sdk=macosx*]" = "@executable_path/../Frameworks";
				MACOSX_DEPLOYMENT_TARGET = 14.2;
				MARKETING_VERSION = 1.0;
				PRODUCT_BUNDLE_IDENTIFIER = "com.kabupen.camera-sample002";
				PRODUCT_NAME = "$(TARGET_NAME)";
				SDKROOT = auto;
				SUPPORTED_PLATFORMS = "iphoneos iphonesimulator macosx";
				SWIFT_EMIT_LOC_STRINGS = YES;
				SWIFT_VERSION = 5.0;
				TARGETED_DEVICE_FAMILY = "1,2";
			};
			name = Debug;
		};
		2B381B952BDC93330043A5BA /* Release */ = {
			isa = XCBuildConfiguration;
			buildSettings = {
				ASSETCATALOG_COMPILER_APPICON_NAME = AppIcon;
				ASSETCATALOG_COMPILER_GLOBAL_ACCENT_COLOR_NAME = AccentColor;
				CODE_SIGN_ENTITLEMENTS = "camera-sample002/camera_sample002.entitlements";
				CODE_SIGN_STYLE = Automatic;
				CURRENT_PROJECT_VERSION = 1;
				DEVELOPMENT_ASSET_PATHS = "\"camera-sample002/Preview Content\"";
				DEVELOPMENT_TEAM = YFN98X4RV7;
				ENABLE_HARDENED_RUNTIME = YES;
				ENABLE_PREVIEWS = YES;
				GENERATE_INFOPLIST_FILE = YES;
				INFOPLIST_KEY_NSCameraUsageDescription = "サンプルカメラです。";
				"INFOPLIST_KEY_UIApplicationSceneManifest_Generation[sdk=iphoneos*]" = YES;
				"INFOPLIST_KEY_UIApplicationSceneManifest_Generation[sdk=iphonesimulator*]" = YES;
				"INFOPLIST_KEY_UIApplicationSupportsIndirectInputEvents[sdk=iphoneos*]" = YES;
				"INFOPLIST_KEY_UIApplicationSupportsIndirectInputEvents[sdk=iphonesimulator*]" = YES;
				"INFOPLIST_KEY_UILaunchScreen_Generation[sdk=iphoneos*]" = YES;
				"INFOPLIST_KEY_UILaunchScreen_Generation[sdk=iphonesimulator*]" = YES;
				"INFOPLIST_KEY_UIStatusBarStyle[sdk=iphoneos*]" = UIStatusBarStyleDefault;
				"INFOPLIST_KEY_UIStatusBarStyle[sdk=iphonesimulator*]" = UIStatusBarStyleDefault;
				INFOPLIST_KEY_UISupportedInterfaceOrientations_iPad = "UIInterfaceOrientationPortrait UIInterfaceOrientationPortraitUpsideDown UIInterfaceOrientationLandscapeLeft UIInterfaceOrientationLandscapeRight";
				INFOPLIST_KEY_UISupportedInterfaceOrientations_iPhone = "UIInterfaceOrientationPortrait UIInterfaceOrientationLandscapeLeft UIInterfaceOrientationLandscapeRight";
				IPHONEOS_DEPLOYMENT_TARGET = 16.5;
				LD_RUNPATH_SEARCH_PATHS = "@executable_path/Frameworks";
				"LD_RUNPATH_SEARCH_PATHS[sdk=macosx*]" = "@executable_path/../Frameworks";
				MACOSX_DEPLOYMENT_TARGET = 14.2;
				MARKETING_VERSION = 1.0;
				PRODUCT_BUNDLE_IDENTIFIER = "com.kabupen.camera-sample002";
				PRODUCT_NAME = "$(TARGET_NAME)";
				SDKROOT = auto;
				SUPPORTED_PLATFORMS = "iphoneos iphonesimulator macosx";
				SWIFT_EMIT_LOC_STRINGS = YES;
				SWIFT_VERSION = 5.0;
				TARGETED_DEVICE_FAMILY = "1,2";
			};
			name = Release;
		};
		2B381B972BDC93330043A5BA /* Debug */ = {
			isa = XCBuildConfiguration;
			buildSettings = {
				ALWAYS_EMBED_SWIFT_STANDARD_LIBRARIES = YES;
				BUNDLE_LOADER = "$(TEST_HOST)";
				CODE_SIGN_STYLE = Automatic;
				CURRENT_PROJECT_VERSION = 1;
				DEVELOPMENT_TEAM = YFN98X4RV7;
				GENERATE_INFOPLIST_FILE = YES;
				IPHONEOS_DEPLOYMENT_TARGET = 17.2;
				MACOSX_DEPLOYMENT_TARGET = 14.2;
				MARKETING_VERSION = 1.0;
				PRODUCT_BUNDLE_IDENTIFIER = "com.kabupen.camera-sample002Tests";
				PRODUCT_NAME = "$(TARGET_NAME)";
				SDKROOT = auto;
				SUPPORTED_PLATFORMS = "iphoneos iphonesimulator macosx";
				SWIFT_EMIT_LOC_STRINGS = NO;
				SWIFT_VERSION = 5.0;
				TARGETED_DEVICE_FAMILY = "1,2";
				TEST_HOST = "$(BUILT_PRODUCTS_DIR)/camera-sample002.app/$(BUNDLE_EXECUTABLE_FOLDER_PATH)/camera-sample002";
			};
			name = Debug;
		};
		2B381B982BDC93330043A5BA /* Release */ = {
			isa = XCBuildConfiguration;
			buildSettings = {
				ALWAYS_EMBED_SWIFT_STANDARD_LIBRARIES = YES;
				BUNDLE_LOADER = "$(TEST_HOST)";
				CODE_SIGN_STYLE = Automatic;
				CURRENT_PROJECT_VERSION = 1;
				DEVELOPMENT_TEAM = YFN98X4RV7;
				GENERATE_INFOPLIST_FILE = YES;
				IPHONEOS_DEPLOYMENT_TARGET = 17.2;
				MACOSX_DEPLOYMENT_TARGET = 14.2;
				MARKETING_VERSION = 1.0;
				PRODUCT_BUNDLE_IDENTIFIER = "com.kabupen.camera-sample002Tests";
				PRODUCT_NAME = "$(TARGET_NAME)";
				SDKROOT = auto;
				SUPPORTED_PLATFORMS = "iphoneos iphonesimulator macosx";
				SWIFT_EMIT_LOC_STRINGS = NO;
				SWIFT_VERSION = 5.0;
				TARGETED_DEVICE_FAMILY = "1,2";
				TEST_HOST = "$(BUILT_PRODUCTS_DIR)/camera-sample002.app/$(BUNDLE_EXECUTABLE_FOLDER_PATH)/camera-sample002";
			};
			name = Release;
		};
		2B381B9A2BDC93330043A5BA /* Debug */ = {
			isa = XCBuildConfiguration;
			buildSettings = {
				ALWAYS_EMBED_SWIFT_STANDARD_LIBRARIES = YES;
				CODE_SIGN_STYLE = Automatic;
				CURRENT_PROJECT_VERSION = 1;
				DEVELOPMENT_TEAM = YFN98X4RV7;
				GENERATE_INFOPLIST_FILE = YES;
				IPHONEOS_DEPLOYMENT_TARGET = 17.2;
				MACOSX_DEPLOYMENT_TARGET = 14.2;
				MARKETING_VERSION = 1.0;
				PRODUCT_BUNDLE_IDENTIFIER = "com.kabupen.camera-sample002UITests";
				PRODUCT_NAME = "$(TARGET_NAME)";
				SDKROOT = auto;
				SUPPORTED_PLATFORMS = "iphoneos iphonesimulator macosx";
				SWIFT_EMIT_LOC_STRINGS = NO;
				SWIFT_VERSION = 5.0;
				TARGETED_DEVICE_FAMILY = "1,2";
				TEST_TARGET_NAME = "camera-sample002";
			};
			name = Debug;
		};
		2B381B9B2BDC93330043A5BA /* Release */ = {
			isa = XCBuildConfiguration;
			buildSettings = {
				ALWAYS_EMBED_SWIFT_STANDARD_LIBRARIES = YES;
				CODE_SIGN_STYLE = Automatic;
				CURRENT_PROJECT_VERSION = 1;
				DEVELOPMENT_TEAM = YFN98X4RV7;
				GENERATE_INFOPLIST_FILE = YES;
				IPHONEOS_DEPLOYMENT_TARGET = 17.2;
				MACOSX_DEPLOYMENT_TARGET = 14.2;
				MARKETING_VERSION = 1.0;
				PRODUCT_BUNDLE_IDENTIFIER = "com.kabupen.camera-sample002UITests";
				PRODUCT_NAME = "$(TARGET_NAME)";
				SDKROOT = auto;
				SUPPORTED_PLATFORMS = "iphoneos iphonesimulator macosx";
				SWIFT_EMIT_LOC_STRINGS = NO;
				SWIFT_VERSION = 5.0;
				TARGETED_DEVICE_FAMILY = "1,2";
				TEST_TARGET_NAME = "camera-sample002";
			};
			name = Release;
		};
/* End XCBuildConfiguration section */

/* Begin XCConfigurationList section */
		2B381B692BDC93310043A5BA /* Build configuration list for PBXProject "camera-sample002" */ = {
			isa = XCConfigurationList;
			buildConfigurations = (
				2B381B912BDC93330043A5BA /* Debug */,
				2B381B922BDC93330043A5BA /* Release */,
			);
			defaultConfigurationIsVisible = 0;
			defaultConfigurationName = Release;
		};
		2B381B932BDC93330043A5BA /* Build configuration list for PBXNativeTarget "camera-sample002" */ = {
			isa = XCConfigurationList;
			buildConfigurations = (
				2B381B942BDC93330043A5BA /* Debug */,
				2B381B952BDC93330043A5BA /* Release */,
			);
			defaultConfigurationIsVisible = 0;
			defaultConfigurationName = Release;
		};
		2B381B962BDC93330043A5BA /* Build configuration list for PBXNativeTarget "camera-sample002Tests" */ = {
			isa = XCConfigurationList;
			buildConfigurations = (
				2B381B972BDC93330043A5BA /* Debug */,
				2B381B982BDC93330043A5BA /* Release */,
			);
			defaultConfigurationIsVisible = 0;
			defaultConfigurationName = Release;
		};
		2B381B992BDC93330043A5BA /* Build configuration list for PBXNativeTarget "camera-sample002UITests" */ = {
			isa = XCConfigurationList;
			buildConfigurations = (
				2B381B9A2BDC93330043A5BA /* Debug */,
				2B381B9B2BDC93330043A5BA /* Release */,
			);
			defaultConfigurationIsVisible = 0;
			defaultConfigurationName = Release;
		};
/* End XCConfigurationList section */
	};
	rootObject = 2B381B662BDC93310043A5BA /* Project object */;
}
