// !$*UTF8*$!
{
	archiveVersion = 1;
	classes = {
	};
	objectVersion = 56;
	objects = {

/* Begin PBXBuildFile section */
		2B381BAD2BDCC91D0043A5BA /* camera_sample003App.swift in Sources */ = {isa = PBXBuildFile; fileRef = 2B381BAC2BDCC91D0043A5BA /* camera_sample003App.swift */; };
		2B381BAF2BDCC91D0043A5BA /* ContentView.swift in Sources */ = {isa = PBXBuildFile; fileRef = 2B381BAE2BDCC91D0043A5BA /* ContentView.swift */; };
		2B381BB12BDCC91E0043A5BA /* Assets.xcassets in Resources */ = {isa = PBXBuildFile; fileRef = 2B381BB02BDCC91E0043A5BA /* Assets.xcassets */; };
		2B381BB52BDCC91E0043A5BA /* Preview Assets.xcassets in Resources */ = {isa = PBXBuildFile; fileRef = 2B381BB42BDCC91E0043A5BA /* Preview Assets.xcassets */; };
		2B381BBF2BDCC91E0043A5BA /* camera_sample003Tests.swift in Sources */ = {isa = PBXBuildFile; fileRef = 2B381BBE2BDCC91E0043A5BA /* camera_sample003Tests.swift */; };
		2B381BC92BDCC91E0043A5BA /* camera_sample003UITests.swift in Sources */ = {isa = PBXBuildFile; fileRef = 2B381BC82BDCC91E0043A5BA /* camera_sample003UITests.swift */; };
		2B381BCB2BDCC91E0043A5BA /* camera_sample003UITestsLaunchTests.swift in Sources */ = {isa = PBXBuildFile; fileRef = 2B381BCA2BDCC91E0043A5BA /* camera_sample003UITestsLaunchTests.swift */; };
		2B381BD82BDCC94B0043A5BA /* CameraViewModel.swift in Sources */ = {isa = PBXBuildFile; fileRef = 2B381BD72BDCC94B0043A5BA /* CameraViewModel.swift */; };
		2B381BDA2BDCC9680043A5BA /* CameraView.swift in Sources */ = {isa = PBXBuildFile; fileRef = 2B381BD92BDCC9680043A5BA /* CameraView.swift */; };
/* End PBXBuildFile section */

/* Begin PBXContainerItemProxy section */
		2B381BBB2BDCC91E0043A5BA /* PBXContainerItemProxy */ = {
			isa = PBXContainerItemProxy;
			containerPortal = 2B381BA12BDCC91D0043A5BA /* Project object */;
			proxyType = 1;
			remoteGlobalIDString = 2B381BA82BDCC91D0043A5BA;
			remoteInfo = "camera-sample003";
		};
		2B381BC52BDCC91E0043A5BA /* PBXContainerItemProxy */ = {
			isa = PBXContainerItemProxy;
			containerPortal = 2B381BA12BDCC91D0043A5BA /* Project object */;
			proxyType = 1;
			remoteGlobalIDString = 2B381BA82BDCC91D0043A5BA;
			remoteInfo = "camera-sample003";
		};
/* End PBXContainerItemProxy section */

/* Begin PBXFileReference section */
		2B381BA92BDCC91D0043A5BA /* camera-sample003.app */ = {isa = PBXFileReference; explicitFileType = wrapper.application; includeInIndex = 0; path = "camera-sample003.app"; sourceTree = BUILT_PRODUCTS_DIR; };
		2B381BAC2BDCC91D0043A5BA /* camera_sample003App.swift */ = {isa = PBXFileReference; lastKnownFileType = sourcecode.swift; path = camera_sample003App.swift; sourceTree = "<group>"; };
		2B381BAE2BDCC91D0043A5BA /* ContentView.swift */ = {isa = PBXFileReference; lastKnownFileType = sourcecode.swift; path = ContentView.swift; sourceTree = "<group>"; };
		2B381BB02BDCC91E0043A5BA /* Assets.xcassets */ = {isa = PBXFileReference; lastKnownFileType = folder.assetcatalog; path = Assets.xcassets; sourceTree = "<group>"; };
		2B381BB22BDCC91E0043A5BA /* camera_sample003.entitlements */ = {isa = PBXFileReference; lastKnownFileType = text.plist.entitlements; path = camera_sample003.entitlements; sourceTree = "<group>"; };
		2B381BB42BDCC91E0043A5BA /* Preview Assets.xcassets */ = {isa = PBXFileReference; lastKnownFileType = folder.assetcatalog; path = "Preview Assets.xcassets"; sourceTree = "<group>"; };
		2B381BBA2BDCC91E0043A5BA /* camera-sample003Tests.xctest */ = {isa = PBXFileReference; explicitFileType = wrapper.cfbundle; includeInIndex = 0; path = "camera-sample003Tests.xctest"; sourceTree = BUILT_PRODUCTS_DIR; };
		2B381BBE2BDCC91E0043A5BA /* camera_sample003Tests.swift */ = {isa = PBXFileReference; lastKnownFileType = sourcecode.swift; path = camera_sample003Tests.swift; sourceTree = "<group>"; };
		2B381BC42BDCC91E0043A5BA /* camera-sample003UITests.xctest */ = {isa = PBXFileReference; explicitFileType = wrapper.cfbundle; includeInIndex = 0; path = "camera-sample003UITests.xctest"; sourceTree = BUILT_PRODUCTS_DIR; };
		2B381BC82BDCC91E0043A5BA /* camera_sample003UITests.swift */ = {isa = PBXFileReference; lastKnownFileType = sourcecode.swift; path = camera_sample003UITests.swift; sourceTree = "<group>"; };
		2B381BCA2BDCC91E0043A5BA /* camera_sample003UITestsLaunchTests.swift */ = {isa = PBXFileReference; lastKnownFileType = sourcecode.swift; path = camera_sample003UITestsLaunchTests.swift; sourceTree = "<group>"; };
		2B381BD72BDCC94B0043A5BA /* CameraViewModel.swift */ = {isa = PBXFileReference; lastKnownFileType = sourcecode.swift; path = CameraViewModel.swift; sourceTree = "<group>"; };
		2B381BD92BDCC9680043A5BA /* CameraView.swift */ = {isa = PBXFileReference; lastKnownFileType = sourcecode.swift; path = CameraView.swift; sourceTree = "<group>"; };
/* End PBXFileReference section */

/* Begin PBXFrameworksBuildPhase section */
		2B381BA62BDCC91D0043A5BA /* Frameworks */ = {
			isa = PBXFrameworksBuildPhase;
			buildActionMask = 2147483647;
			files = (
			);
			runOnlyForDeploymentPostprocessing = 0;
		};
		2B381BB72BDCC91E0043A5BA /* Frameworks */ = {
			isa = PBXFrameworksBuildPhase;
			buildActionMask = 2147483647;
			files = (
			);
			runOnlyForDeploymentPostprocessing = 0;
		};
		2B381BC12BDCC91E0043A5BA /* Frameworks */ = {
			isa = PBXFrameworksBuildPhase;
			buildActionMask = 2147483647;
			files = (
			);
			runOnlyForDeploymentPostprocessing = 0;
		};
/* End PBXFrameworksBuildPhase section */

/* Begin PBXGroup section */
		2B381BA02BDCC91D0043A5BA = {
			isa = PBXGroup;
			children = (
				2B381BAB2BDCC91D0043A5BA /* camera-sample003 */,
				2B381BBD2BDCC91E0043A5BA /* camera-sample003Tests */,
				2B381BC72BDCC91E0043A5BA /* camera-sample003UITests */,
				2B381BAA2BDCC91D0043A5BA /* Products */,
			);
			sourceTree = "<group>";
		};
		2B381BAA2BDCC91D0043A5BA /* Products */ = {
			isa = PBXGroup;
			children = (
				2B381BA92BDCC91D0043A5BA /* camera-sample003.app */,
				2B381BBA2BDCC91E0043A5BA /* camera-sample003Tests.xctest */,
				2B381BC42BDCC91E0043A5BA /* camera-sample003UITests.xctest */,
			);
			name = Products;
			sourceTree = "<group>";
		};
		2B381BAB2BDCC91D0043A5BA /* camera-sample003 */ = {
			isa = PBXGroup;
			children = (
				2B381BAC2BDCC91D0043A5BA /* camera_sample003App.swift */,
				2B381BAE2BDCC91D0043A5BA /* ContentView.swift */,
				2B381BB02BDCC91E0043A5BA /* Assets.xcassets */,
				2B381BB22BDCC91E0043A5BA /* camera_sample003.entitlements */,
				2B381BB32BDCC91E0043A5BA /* Preview Content */,
				2B381BD72BDCC94B0043A5BA /* CameraViewModel.swift */,
				2B381BD92BDCC9680043A5BA /* CameraView.swift */,
			);
			path = "camera-sample003";
			sourceTree = "<group>";
		};
		2B381BB32BDCC91E0043A5BA /* Preview Content */ = {
			isa = PBXGroup;
			children = (
				2B381BB42BDCC91E0043A5BA /* Preview Assets.xcassets */,
			);
			path = "Preview Content";
			sourceTree = "<group>";
		};
		2B381BBD2BDCC91E0043A5BA /* camera-sample003Tests */ = {
			isa = PBXGroup;
			children = (
				2B381BBE2BDCC91E0043A5BA /* camera_sample003Tests.swift */,
			);
			path = "camera-sample003Tests";
			sourceTree = "<group>";
		};
		2B381BC72BDCC91E0043A5BA /* camera-sample003UITests */ = {
			isa = PBXGroup;
			children = (
				2B381BC82BDCC91E0043A5BA /* camera_sample003UITests.swift */,
				2B381BCA2BDCC91E0043A5BA /* camera_sample003UITestsLaunchTests.swift */,
			);
			path = "camera-sample003UITests";
			sourceTree = "<group>";
		};
/* End PBXGroup section */

/* Begin PBXNativeTarget section */
		2B381BA82BDCC91D0043A5BA /* camera-sample003 */ = {
			isa = PBXNativeTarget;
			buildConfigurationList = 2B381BCE2BDCC91E0043A5BA /* Build configuration list for PBXNativeTarget "camera-sample003" */;
			buildPhases = (
				2B381BA52BDCC91D0043A5BA /* Sources */,
				2B381BA62BDCC91D0043A5BA /* Frameworks */,
				2B381BA72BDCC91D0043A5BA /* Resources */,
			);
			buildRules = (
			);
			dependencies = (
			);
			name = "camera-sample003";
			productName = "camera-sample003";
			productReference = 2B381BA92BDCC91D0043A5BA /* camera-sample003.app */;
			productType = "com.apple.product-type.application";
		};
		2B381BB92BDCC91E0043A5BA /* camera-sample003Tests */ = {
			isa = PBXNativeTarget;
			buildConfigurationList = 2B381BD12BDCC91E0043A5BA /* Build configuration list for PBXNativeTarget "camera-sample003Tests" */;
			buildPhases = (
				2B381BB62BDCC91E0043A5BA /* Sources */,
				2B381BB72BDCC91E0043A5BA /* Frameworks */,
				2B381BB82BDCC91E0043A5BA /* Resources */,
			);
			buildRules = (
			);
			dependencies = (
				2B381BBC2BDCC91E0043A5BA /* PBXTargetDependency */,
			);
			name = "camera-sample003Tests";
			productName = "camera-sample003Tests";
			productReference = 2B381BBA2BDCC91E0043A5BA /* camera-sample003Tests.xctest */;
			productType = "com.apple.product-type.bundle.unit-test";
		};
		2B381BC32BDCC91E0043A5BA /* camera-sample003UITests */ = {
			isa = PBXNativeTarget;
			buildConfigurationList = 2B381BD42BDCC91E0043A5BA /* Build configuration list for PBXNativeTarget "camera-sample003UITests" */;
			buildPhases = (
				2B381BC02BDCC91E0043A5BA /* Sources */,
				2B381BC12BDCC91E0043A5BA /* Frameworks */,
				2B381BC22BDCC91E0043A5BA /* Resources */,
			);
			buildRules = (
			);
			dependencies = (
				2B381BC62BDCC91E0043A5BA /* PBXTargetDependency */,
			);
			name = "camera-sample003UITests";
			productName = "camera-sample003UITests";
			productReference = 2B381BC42BDCC91E0043A5BA /* camera-sample003UITests.xctest */;
			productType = "com.apple.product-type.bundle.ui-testing";
		};
/* End PBXNativeTarget section */

/* Begin PBXProject section */
		2B381BA12BDCC91D0043A5BA /* Project object */ = {
			isa = PBXProject;
			attributes = {
				BuildIndependentTargetsInParallel = 1;
				LastSwiftUpdateCheck = 1520;
				LastUpgradeCheck = 1520;
				TargetAttributes = {
					2B381BA82BDCC91D0043A5BA = {
						CreatedOnToolsVersion = 15.2;
					};
					2B381BB92BDCC91E0043A5BA = {
						CreatedOnToolsVersion = 15.2;
						TestTargetID = 2B381BA82BDCC91D0043A5BA;
					};
					2B381BC32BDCC91E0043A5BA = {
						CreatedOnToolsVersion = 15.2;
						TestTargetID = 2B381BA82BDCC91D0043A5BA;
					};
				};
			};
			buildConfigurationList = 2B381BA42BDCC91D0043A5BA /* Build configuration list for PBXProject "camera-sample003" */;
			compatibilityVersion = "Xcode 14.0";
			developmentRegion = en;
			hasScannedForEncodings = 0;
			knownRegions = (
				en,
				Base,
			);
			mainGroup = 2B381BA02BDCC91D0043A5BA;
			productRefGroup = 2B381BAA2BDCC91D0043A5BA /* Products */;
			projectDirPath = "";
			projectRoot = "";
			targets = (
				2B381BA82BDCC91D0043A5BA /* camera-sample003 */,
				2B381BB92BDCC91E0043A5BA /* camera-sample003Tests */,
				2B381BC32BDCC91E0043A5BA /* camera-sample003UITests */,
			);
		};
/* End PBXProject section */

/* Begin PBXResourcesBuildPhase section */
		2B381BA72BDCC91D0043A5BA /* Resources */ = {
			isa = PBXResourcesBuildPhase;
			buildActionMask = 2147483647;
			files = (
				2B381BB52BDCC91E0043A5BA /* Preview Assets.xcassets in Resources */,
				2B381BB12BDCC91E0043A5BA /* Assets.xcassets in Resources */,
			);
			runOnlyForDeploymentPostprocessing = 0;
		};
		2B381BB82BDCC91E0043A5BA /* Resources */ = {
			isa = PBXResourcesBuildPhase;
			buildActionMask = 2147483647;
			files = (
			);
			runOnlyForDeploymentPostprocessing = 0;
		};
		2B381BC22BDCC91E0043A5BA /* Resources */ = {
			isa = PBXResourcesBuildPhase;
			buildActionMask = 2147483647;
			files = (
			);
			runOnlyForDeploymentPostprocessing = 0;
		};
/* End PBXResourcesBuildPhase section */

/* Begin PBXSourcesBuildPhase section */
		2B381BA52BDCC91D0043A5BA /* Sources */ = {
			isa = PBXSourcesBuildPhase;
			buildActionMask = 2147483647;
			files = (
				2B381BAF2BDCC91D0043A5BA /* ContentView.swift in Sources */,
				2B381BAD2BDCC91D0043A5BA /* camera_sample003App.swift in Sources */,
				2B381BD82BDCC94B0043A5BA /* CameraViewModel.swift in Sources */,
				2B381BDA2BDCC9680043A5BA /* CameraView.swift in Sources */,
			);
			runOnlyForDeploymentPostprocessing = 0;
		};
		2B381BB62BDCC91E0043A5BA /* Sources */ = {
			isa = PBXSourcesBuildPhase;
			buildActionMask = 2147483647;
			files = (
				2B381BBF2BDCC91E0043A5BA /* camera_sample003Tests.swift in Sources */,
			);
			runOnlyForDeploymentPostprocessing = 0;
		};
		2B381BC02BDCC91E0043A5BA /* Sources */ = {
			isa = PBXSourcesBuildPhase;
			buildActionMask = 2147483647;
			files = (
				2B381BC92BDCC91E0043A5BA /* camera_sample003UITests.swift in Sources */,
				2B381BCB2BDCC91E0043A5BA /* camera_sample003UITestsLaunchTests.swift in Sources */,
			);
			runOnlyForDeploymentPostprocessing = 0;
		};
/* End PBXSourcesBuildPhase section */

/* Begin PBXTargetDependency section */
		2B381BBC2BDCC91E0043A5BA /* PBXTargetDependency */ = {
			isa = PBXTargetDependency;
			target = 2B381BA82BDCC91D0043A5BA /* camera-sample003 */;
			targetProxy = 2B381BBB2BDCC91E0043A5BA /* PBXContainerItemProxy */;
		};
		2B381BC62BDCC91E0043A5BA /* PBXTargetDependency */ = {
			isa = PBXTargetDependency;
			target = 2B381BA82BDCC91D0043A5BA /* camera-sample003 */;
			targetProxy = 2B381BC52BDCC91E0043A5BA /* PBXContainerItemProxy */;
		};
/* End PBXTargetDependency section */

/* Begin XCBuildConfiguration section */
		2B381BCC2BDCC91E0043A5BA /* Debug */ = {
			isa = XCBuildConfiguration;
			buildSettings = {
				ALWAYS_SEARCH_USER_PATHS = NO;
				ASSETCATALOG_COMPILER_GENERATE_SWIFT_ASSET_SYMBOL_EXTENSIONS = YES;
				CLANG_ANALYZER_NONNULL = YES;
				CLANG_ANALYZER_NUMBER_OBJECT_CONVERSION = YES_AGGRESSIVE;
				CLANG_CXX_LANGUAGE_STANDARD = "gnu++20";
				CLANG_ENABLE_MODULES = YES;
				CLANG_ENABLE_OBJC_ARC = YES;
				CLANG_ENABLE_OBJC_WEAK = YES;
				CLANG_WARN_BLOCK_CAPTURE_AUTORELEASING = YES;
				CLANG_WARN_BOOL_CONVERSION = YES;
				CLANG_WARN_COMMA = YES;
				CLANG_WARN_CONSTANT_CONVERSION = YES;
				CLANG_WARN_DEPRECATED_OBJC_IMPLEMENTATIONS = YES;
				CLANG_WARN_DIRECT_OBJC_ISA_USAGE = YES_ERROR;
				CLANG_WARN_DOCUMENTATION_COMMENTS = YES;
				CLANG_WARN_EMPTY_BODY = YES;
				CLANG_WARN_ENUM_CONVERSION = YES;
				CLANG_WARN_INFINITE_RECURSION = YES;
				CLANG_WARN_INT_CONVERSION = YES;
				CLANG_WARN_NON_LITERAL_NULL_CONVERSION = YES;
				CLANG_WARN_OBJC_IMPLICIT_RETAIN_SELF = YES;
				CLANG_WARN_OBJC_LITERAL_CONVERSION = YES;
				CLANG_WARN_OBJC_ROOT_CLASS = YES_ERROR;
				CLANG_WARN_QUOTED_INCLUDE_IN_FRAMEWORK_HEADER = YES;
				CLANG_WARN_RANGE_LOOP_ANALYSIS = YES;
				CLANG_WARN_STRICT_PROTOTYPES = YES;
				CLANG_WARN_SUSPICIOUS_MOVE = YES;
				CLANG_WARN_UNGUARDED_AVAILABILITY = YES_AGGRESSIVE;
				CLANG_WARN_UNREACHABLE_CODE = YES;
				CLANG_WARN__DUPLICATE_METHOD_MATCH = YES;
				COPY_PHASE_STRIP = NO;
				DEBUG_INFORMATION_FORMAT = dwarf;
				ENABLE_STRICT_OBJC_MSGSEND = YES;
				ENABLE_TESTABILITY = YES;
				ENABLE_USER_SCRIPT_SANDBOXING = YES;
				GCC_C_LANGUAGE_STANDARD = gnu17;
				GCC_DYNAMIC_NO_PIC = NO;
				GCC_NO_COMMON_BLOCKS = YES;
				GCC_OPTIMIZATION_LEVEL = 0;
				GCC_PREPROCESSOR_DEFINITIONS = (
					"DEBUG=1",
					"$(inherited)",
				);
				GCC_WARN_64_TO_32_BIT_CONVERSION = YES;
				GCC_WARN_ABOUT_RETURN_TYPE = YES_ERROR;
				GCC_WARN_UNDECLARED_SELECTOR = YES;
				GCC_WARN_UNINITIALIZED_AUTOS = YES_AGGRESSIVE;
				GCC_WARN_UNUSED_FUNCTION = YES;
				GCC_WARN_UNUSED_VARIABLE = YES;
				LOCALIZATION_PREFERS_STRING_CATALOGS = YES;
				MTL_ENABLE_DEBUG_INFO = INCLUDE_SOURCE;
				MTL_FAST_MATH = YES;
				ONLY_ACTIVE_ARCH = YES;
				SWIFT_ACTIVE_COMPILATION_CONDITIONS = "DEBUG $(inherited)";
				SWIFT_OPTIMIZATION_LEVEL = "-Onone";
			};
			name = Debug;
		};
		2B381BCD2BDCC91E0043A5BA /* Release */ = {
			isa = XCBuildConfiguration;
			buildSettings = {
				ALWAYS_SEARCH_USER_PATHS = NO;
				ASSETCATALOG_COMPILER_GENERATE_SWIFT_ASSET_SYMBOL_EXTENSIONS = YES;
				CLANG_ANALYZER_NONNULL = YES;
				CLANG_ANALYZER_NUMBER_OBJECT_CONVERSION = YES_AGGRESSIVE;
				CLANG_CXX_LANGUAGE_STANDARD = "gnu++20";
				CLANG_ENABLE_MODULES = YES;
				CLANG_ENABLE_OBJC_ARC = YES;
				CLANG_ENABLE_OBJC_WEAK = YES;
				CLANG_WARN_BLOCK_CAPTURE_AUTORELEASING = YES;
				CLANG_WARN_BOOL_CONVERSION = YES;
				CLANG_WARN_COMMA = YES;
				CLANG_WARN_CONSTANT_CONVERSION = YES;
				CLANG_WARN_DEPRECATED_OBJC_IMPLEMENTATIONS = YES;
				CLANG_WARN_DIRECT_OBJC_ISA_USAGE = YES_ERROR;
				CLANG_WARN_DOCUMENTATION_COMMENTS = YES;
				CLANG_WARN_EMPTY_BODY = YES;
				CLANG_WARN_ENUM_CONVERSION = YES;
				CLANG_WARN_INFINITE_RECURSION = YES;
				CLANG_WARN_INT_CONVERSION = YES;
				CLANG_WARN_NON_LITERAL_NULL_CONVERSION = YES;
				CLANG_WARN_OBJC_IMPLICIT_RETAIN_SELF = YES;
				CLANG_WARN_OBJC_LITERAL_CONVERSION = YES;
				CLANG_WARN_OBJC_ROOT_CLASS = YES_ERROR;
				CLANG_WARN_QUOTED_INCLUDE_IN_FRAMEWORK_HEADER = YES;
				CLANG_WARN_RANGE_LOOP_ANALYSIS = YES;
				CLANG_WARN_STRICT_PROTOTYPES = YES;
				CLANG_WARN_SUSPICIOUS_MOVE = YES;
				CLANG_WARN_UNGUARDED_AVAILABILITY = YES_AGGRESSIVE;
				CLANG_WARN_UNREACHABLE_CODE = YES;
				CLANG_WARN__DUPLICATE_METHOD_MATCH = YES;
				COPY_PHASE_STRIP = NO;
				DEBUG_INFORMATION_FORMAT = "dwarf-with-dsym";
				ENABLE_NS_ASSERTIONS = NO;
				ENABLE_STRICT_OBJC_MSGSEND = YES;
				ENABLE_USER_SCRIPT_SANDBOXING = YES;
				GCC_C_LANGUAGE_STANDARD = gnu17;
				GCC_NO_COMMON_BLOCKS = YES;
				GCC_WARN_64_TO_32_BIT_CONVERSION = YES;
				GCC_WARN_ABOUT_RETURN_TYPE = YES_ERROR;
				GCC_WARN_UNDECLARED_SELECTOR = YES;
				GCC_WARN_UNINITIALIZED_AUTOS = YES_AGGRESSIVE;
				GCC_WARN_UNUSED_FUNCTION = YES;
				GCC_WARN_UNUSED_VARIABLE = YES;
				LOCALIZATION_PREFERS_STRING_CATALOGS = YES;
				MTL_ENABLE_DEBUG_INFO = NO;
				MTL_FAST_MATH = YES;
				SWIFT_COMPILATION_MODE = wholemodule;
			};
			name = Release;
		};
		2B381BCF2BDCC91E0043A5BA /* Debug */ = {
			isa = XCBuildConfiguration;
			buildSettings = {
				ASSETCATALOG_COMPILER_APPICON_NAME = AppIcon;
				ASSETCATALOG_COMPILER_GLOBAL_ACCENT_COLOR_NAME = AccentColor;
				CODE_SIGN_ENTITLEMENTS = "camera-sample003/camera_sample003.entitlements";
				CODE_SIGN_STYLE = Automatic;
				CURRENT_PROJECT_VERSION = 1;
				DEVELOPMENT_ASSET_PATHS = "\"camera-sample003/Preview Content\"";
				DEVELOPMENT_TEAM = YFN98X4RV7;
				ENABLE_HARDENED_RUNTIME = YES;
				ENABLE_PREVIEWS = YES;
				GENERATE_INFOPLIST_FILE = YES;
				INFOPLIST_KEY_NSCameraUsageDescription = "";
				"INFOPLIST_KEY_UIApplicationSceneManifest_Generation[sdk=iphoneos*]" = YES;
				"INFOPLIST_KEY_UIApplicationSceneManifest_Generation[sdk=iphonesimulator*]" = YES;
				"INFOPLIST_KEY_UIApplicationSupportsIndirectInputEvents[sdk=iphoneos*]" = YES;
				"INFOPLIST_KEY_UIApplicationSupportsIndirectInputEvents[sdk=iphonesimulator*]" = YES;
				"INFOPLIST_KEY_UILaunchScreen_Generation[sdk=iphoneos*]" = YES;
				"INFOPLIST_KEY_UILaunchScreen_Generation[sdk=iphonesimulator*]" = YES;
				"INFOPLIST_KEY_UIStatusBarStyle[sdk=iphoneos*]" = UIStatusBarStyleDefault;
				"INFOPLIST_KEY_UIStatusBarStyle[sdk=iphonesimulator*]" = UIStatusBarStyleDefault;
				INFOPLIST_KEY_UISupportedInterfaceOrientations_iPad = "UIInterfaceOrientationPortrait UIInterfaceOrientationPortraitUpsideDown UIInterfaceOrientationLandscapeLeft UIInterfaceOrientationLandscapeRight";
				INFOPLIST_KEY_UISupportedInterfaceOrientations_iPhone = "UIInterfaceOrientationPortrait UIInterfaceOrientationLandscapeLeft UIInterfaceOrientationLandscapeRight";
				IPHONEOS_DEPLOYMENT_TARGET = 16.5;
				LD_RUNPATH_SEARCH_PATHS = "@executable_path/Frameworks";
				"LD_RUNPATH_SEARCH_PATHS[sdk=macosx*]" = "@executable_path/../Frameworks";
				MACOSX_DEPLOYMENT_TARGET = 14.2;
				MARKETING_VERSION = 1.0;
				PRODUCT_BUNDLE_IDENTIFIER = "com.kabupen.camera-sample003";
				PRODUCT_NAME = "$(TARGET_NAME)";
				SDKROOT = auto;
				SUPPORTED_PLATFORMS = "iphoneos iphonesimulator macosx";
				SWIFT_EMIT_LOC_STRINGS = YES;
				SWIFT_VERSION = 5.0;
				TARGETED_DEVICE_FAMILY = "1,2";
			};
			name = Debug;
		};
		2B381BD02BDCC91E0043A5BA /* Release */ = {
			isa = XCBuildConfiguration;
			buildSettings = {
				ASSETCATALOG_COMPILER_APPICON_NAME = AppIcon;
				ASSETCATALOG_COMPILER_GLOBAL_ACCENT_COLOR_NAME = AccentColor;
				CODE_SIGN_ENTITLEMENTS = "camera-sample003/camera_sample003.entitlements";
				CODE_SIGN_STYLE = Automatic;
				CURRENT_PROJECT_VERSION = 1;
				DEVELOPMENT_ASSET_PATHS = "\"camera-sample003/Preview Content\"";
				DEVELOPMENT_TEAM = YFN98X4RV7;
				ENABLE_HARDENED_RUNTIME = YES;
				ENABLE_PREVIEWS = YES;
				GENERATE_INFOPLIST_FILE = YES;
				INFOPLIST_KEY_NSCameraUsageDescription = "";
				"INFOPLIST_KEY_UIApplicationSceneManifest_Generation[sdk=iphoneos*]" = YES;
				"INFOPLIST_KEY_UIApplicationSceneManifest_Generation[sdk=iphonesimulator*]" = YES;
				"INFOPLIST_KEY_UIApplicationSupportsIndirectInputEvents[sdk=iphoneos*]" = YES;
				"INFOPLIST_KEY_UIApplicationSupportsIndirectInputEvents[sdk=iphonesimulator*]" = YES;
				"INFOPLIST_KEY_UILaunchScreen_Generation[sdk=iphoneos*]" = YES;
				"INFOPLIST_KEY_UILaunchScreen_Generation[sdk=iphonesimulator*]" = YES;
				"INFOPLIST_KEY_UIStatusBarStyle[sdk=iphoneos*]" = UIStatusBarStyleDefault;
				"INFOPLIST_KEY_UIStatusBarStyle[sdk=iphonesimulator*]" = UIStatusBarStyleDefault;
				INFOPLIST_KEY_UISupportedInterfaceOrientations_iPad = "UIInterfaceOrientationPortrait UIInterfaceOrientationPortraitUpsideDown UIInterfaceOrientationLandscapeLeft UIInterfaceOrientationLandscapeRight";
				INFOPLIST_KEY_UISupportedInterfaceOrientations_iPhone = "UIInterfaceOrientationPortrait UIInterfaceOrientationLandscapeLeft UIInterfaceOrientationLandscapeRight";
				IPHONEOS_DEPLOYMENT_TARGET = 16.5;
				LD_RUNPATH_SEARCH_PATHS = "@executable_path/Frameworks";
				"LD_RUNPATH_SEARCH_PATHS[sdk=macosx*]" = "@executable_path/../Frameworks";
				MACOSX_DEPLOYMENT_TARGET = 14.2;
				MARKETING_VERSION = 1.0;
				PRODUCT_BUNDLE_IDENTIFIER = "com.kabupen.camera-sample003";
				PRODUCT_NAME = "$(TARGET_NAME)";
				SDKROOT = auto;
				SUPPORTED_PLATFORMS = "iphoneos iphonesimulator macosx";
				SWIFT_EMIT_LOC_STRINGS = YES;
				SWIFT_VERSION = 5.0;
				TARGETED_DEVICE_FAMILY = "1,2";
			};
			name = Release;
		};
		2B381BD22BDCC91E0043A5BA /* Debug */ = {
			isa = XCBuildConfiguration;
			buildSettings = {
				ALWAYS_EMBED_SWIFT_STANDARD_LIBRARIES = YES;
				BUNDLE_LOADER = "$(TEST_HOST)";
				CODE_SIGN_STYLE = Automatic;
				CURRENT_PROJECT_VERSION = 1;
				DEVELOPMENT_TEAM = YFN98X4RV7;
				GENERATE_INFOPLIST_FILE = YES;
				IPHONEOS_DEPLOYMENT_TARGET = 17.2;
				MACOSX_DEPLOYMENT_TARGET = 14.2;
				MARKETING_VERSION = 1.0;
				PRODUCT_BUNDLE_IDENTIFIER = "com.kabupen.camera-sample003Tests";
				PRODUCT_NAME = "$(TARGET_NAME)";
				SDKROOT = auto;
				SUPPORTED_PLATFORMS = "iphoneos iphonesimulator macosx";
				SWIFT_EMIT_LOC_STRINGS = NO;
				SWIFT_VERSION = 5.0;
				TARGETED_DEVICE_FAMILY = "1,2";
				TEST_HOST = "$(BUILT_PRODUCTS_DIR)/camera-sample003.app/$(BUNDLE_EXECUTABLE_FOLDER_PATH)/camera-sample003";
			};
			name = Debug;
		};
		2B381BD32BDCC91E0043A5BA /* Release */ = {
			isa = XCBuildConfiguration;
			buildSettings = {
				ALWAYS_EMBED_SWIFT_STANDARD_LIBRARIES = YES;
				BUNDLE_LOADER = "$(TEST_HOST)";
				CODE_SIGN_STYLE = Automatic;
				CURRENT_PROJECT_VERSION = 1;
				DEVELOPMENT_TEAM = YFN98X4RV7;
				GENERATE_INFOPLIST_FILE = YES;
				IPHONEOS_DEPLOYMENT_TARGET = 17.2;
				MACOSX_DEPLOYMENT_TARGET = 14.2;
				MARKETING_VERSION = 1.0;
				PRODUCT_BUNDLE_IDENTIFIER = "com.kabupen.camera-sample003Tests";
				PRODUCT_NAME = "$(TARGET_NAME)";
				SDKROOT = auto;
				SUPPORTED_PLATFORMS = "iphoneos iphonesimulator macosx";
				SWIFT_EMIT_LOC_STRINGS = NO;
				SWIFT_VERSION = 5.0;
				TARGETED_DEVICE_FAMILY = "1,2";
				TEST_HOST = "$(BUILT_PRODUCTS_DIR)/camera-sample003.app/$(BUNDLE_EXECUTABLE_FOLDER_PATH)/camera-sample003";
			};
			name = Release;
		};
		2B381BD52BDCC91E0043A5BA /* Debug */ = {
			isa = XCBuildConfiguration;
			buildSettings = {
				ALWAYS_EMBED_SWIFT_STANDARD_LIBRARIES = YES;
				CODE_SIGN_STYLE = Automatic;
				CURRENT_PROJECT_VERSION = 1;
				DEVELOPMENT_TEAM = YFN98X4RV7;
				GENERATE_INFOPLIST_FILE = YES;
				IPHONEOS_DEPLOYMENT_TARGET = 17.2;
				MACOSX_DEPLOYMENT_TARGET = 14.2;
				MARKETING_VERSION = 1.0;
				PRODUCT_BUNDLE_IDENTIFIER = "com.kabupen.camera-sample003UITests";
				PRODUCT_NAME = "$(TARGET_NAME)";
				SDKROOT = auto;
				SUPPORTED_PLATFORMS = "iphoneos iphonesimulator macosx";
				SWIFT_EMIT_LOC_STRINGS = NO;
				SWIFT_VERSION = 5.0;
				TARGETED_DEVICE_FAMILY = "1,2";
				TEST_TARGET_NAME = "camera-sample003";
			};
			name = Debug;
		};
		2B381BD62BDCC91E0043A5BA /* Release */ = {
			isa = XCBuildConfiguration;
			buildSettings = {
				ALWAYS_EMBED_SWIFT_STANDARD_LIBRARIES = YES;
				CODE_SIGN_STYLE = Automatic;
				CURRENT_PROJECT_VERSION = 1;
				DEVELOPMENT_TEAM = YFN98X4RV7;
				GENERATE_INFOPLIST_FILE = YES;
				IPHONEOS_DEPLOYMENT_TARGET = 17.2;
				MACOSX_DEPLOYMENT_TARGET = 14.2;
				MARKETING_VERSION = 1.0;
				PRODUCT_BUNDLE_IDENTIFIER = "com.kabupen.camera-sample003UITests";
				PRODUCT_NAME = "$(TARGET_NAME)";
				SDKROOT = auto;
				SUPPORTED_PLATFORMS = "iphoneos iphonesimulator macosx";
				SWIFT_EMIT_LOC_STRINGS = NO;
				SWIFT_VERSION = 5.0;
				TARGETED_DEVICE_FAMILY = "1,2";
				TEST_TARGET_NAME = "camera-sample003";
			};
			name = Release;
		};
/* End XCBuildConfiguration section */

/* Begin XCConfigurationList section */
		2B381BA42BDCC91D0043A5BA /* Build configuration list for PBXProject "camera-sample003" */ = {
			isa = XCConfigurationList;
			buildConfigurations = (
				2B381BCC2BDCC91E0043A5BA /* Debug */,
				2B381BCD2BDCC91E0043A5BA /* Release */,
			);
			defaultConfigurationIsVisible = 0;
			defaultConfigurationName = Release;
		};
		2B381BCE2BDCC91E0043A5BA /* Build configuration list for PBXNativeTarget "camera-sample003" */ = {
			isa = XCConfigurationList;
			buildConfigurations = (
				2B381BCF2BDCC91E0043A5BA /* Debug */,
				2B381BD02BDCC91E0043A5BA /* Release */,
			);
			defaultConfigurationIsVisible = 0;
			defaultConfigurationName = Release;
		};
		2B381BD12BDCC91E0043A5BA /* Build configuration list for PBXNativeTarget "camera-sample003Tests" */ = {
			isa = XCConfigurationList;
			buildConfigurations = (
				2B381BD22BDCC91E0043A5BA /* Debug */,
				2B381BD32BDCC91E0043A5BA /* Release */,
			);
			defaultConfigurationIsVisible = 0;
			defaultConfigurationName = Release;
		};
		2B381BD42BDCC91E0043A5BA /* Build configuration list for PBXNativeTarget "camera-sample003UITests" */ = {
			isa = XCConfigurationList;
			buildConfigurations = (
				2B381BD52BDCC91E0043A5BA /* Debug */,
				2B381BD62BDCC91E0043A5BA /* Release */,
			);
			defaultConfigurationIsVisible = 0;
			defaultConfigurationName = Release;
		};
/* End XCConfigurationList section */
	};
	rootObject = 2B381BA12BDCC91D0043A5BA /* Project object */;
}
